
Microsoft Visual Studio Solution File, Format Version 12.00
# Visual Studio Version 17
VisualStudioVersion = 17.2.32616.157
MinimumVisualStudioVersion = 10.0.40219.1
Project("{FAE04EC0-301F-11D3-BF4B-00C04F79EFBC}") = "ConsoleApp20", "ConsoleApp20\ConsoleApp20.csproj", "{EF8B8E78-2374-459C-8AF9-52032D857647}"
EndProject
Project("{FAE04EC0-301F-11D3-BF4B-00C04F79EFBC}") = "ClassLibrary1", "ClassLibrary1\ClassLibrary1.csproj", "{258AF6EF-B0DD-4919-9C7A-6DDEA125A6D5}"
EndProject
Global
	GlobalSection(SolutionConfigurationPlatforms) = preSolution
		Debug|Any CPU = Debug|Any CPU
		Release|Any CPU = Release|Any CPU
	EndGlobalSection
	GlobalSection(ProjectConfigurationPlatforms) = postSolution
		{EF8B8E78-2374-459C-8AF9-52032D857647}.Debug|Any CPU.ActiveCfg = Debug|Any CPU
		{EF8B8E78-2374-459C-8AF9-52032D857647}.Debug|Any CPU.Build.0 = Debug|Any CPU
		{EF8B8E78-2374-459C-8AF9-52032D857647}.Release|Any CPU.ActiveCfg = Release|Any CPU
		{EF8B8E78-2374-459C-8AF9-52032D857647}.Release|Any CPU.Build.0 = Release|Any CPU
		{258AF6EF-B0DD-4919-9C7A-6DDEA125A6D5}.Debug|Any CPU.ActiveCfg = Debug|Any CPU
		{258AF6EF-B0DD-4919-9C7A-6DDEA125A6D5}.Debug|Any CPU.Build.0 = Debug|Any CPU
		{258AF6EF-B0DD-4919-9C7A-6DDEA125A6D5}.Release|Any CPU.ActiveCfg = Release|Any CPU
		{258AF6EF-B0DD-4919-9C7A-6DDEA125A6D5}.Release|Any CPU.Build.0 = Release|Any CPU
	EndGlobalSection
	GlobalSection(SolutionProperties) = preSolution
		HideSolutionNode = FALSE
	EndGlobalSection
	GlobalSection(ExtensibilityGlobals) = postSolution
		SolutionGuid = {65B2CD96-9FC5-47E3-9288-874462ECF29F}
	EndGlobalSection
EndGlobal
